{
  "name": "pdf-lib-node-test",
  "version": "1.0.0",
  "lockfileVersion": 1,
  "requires": true,
  "dependencies": {
    "@pdf-lib/fontkit": {
      "version": "0.0.4",
      "resolved": "https://registry.npmjs.org/@pdf-lib/fontkit/-/fontkit-0.0.4.tgz",
      "integrity": "sha512-MfwaMqLKRuXXOuTisAUiie+cBH/Wo50SPBDQB5tmVqEHpJGkyh7eYi/xPgFugtPHEeWP6INUk5t9L7IAbV7jmw==",
      "requires": {
        "pako": "^1.0.6"
      }
    },
    "@pdf-lib/standard-fonts": {
      "version": "0.0.4",
      "resolved": "https://registry.npmjs.org/@pdf-lib/standard-fonts/-/standard-fonts-0.0.4.tgz",
      "integrity": "sha512-2pg8hXnChVAF6aSFraXtwB0cx/AgE15FvuLJbdPJSq9LYp1xMp0lapH4+t1HsdD9cA05rnWYLqlEBwS4YK1jLg==",
      "requires": {
        "base64-arraybuffer": "^0.1.5",
        "pako": "^1.0.6"
      }
    },
    "base64-arraybuffer": {
      "version": "0.1.5",
      "resolved": "https://registry.npmjs.org/base64-arraybuffer/-/base64-arraybuffer-0.1.5.tgz",
      "integrity": "sha1-c5JncZI7Whl0etZmqlzUv5xunOg="
    },
    "lodash": {
      "version": "4.17.11",
      "resolved": "https://registry.npmjs.org/lodash/-/lodash-4.17.11.tgz",
      "integrity": "sha512-cQKh8igo5QUhZ7lg38DYWAxMvjSAKG0A8wGSVimP07SIUEK2UO+arSRKbRZWtelMtN5V0Hkwh5ryOto/SshYIg=="
    },
    "pako": {
      "version": "1.0.10",
      "resolved": "https://registry.npmjs.org/pako/-/pako-1.0.10.tgz",
      "integrity": "sha512-0DTvPVU3ed8+HNXOu5Bs+o//Mbdj9VNQMUOe9oKCwh8l0GNwpTDMKCWbRjgtD291AWnkAgkqA/LOnQS8AmS1tw=="
    },
    "pdf-lib": {
      "version": "0.6.2",
      "resolved": "https://registry.npmjs.org/pdf-lib/-/pdf-lib-0.6.2.tgz",
      "integrity": "sha512-qEdGemrVVu+z1nnGcsW9BBjssPA9DTCP1/N7MpOcEOWgFQgElsDwpg9ZFzuZp5BSIWTD4m9OVu6uzdBPJfewmA==",
      "requires": {
        "@pdf-lib/fontkit": "^0.0.4",
        "@pdf-lib/standard-fonts": "^0.0.4",
        "lodash": "^4.17.4",
        "pako": "^1.0.6",
        "png-ts": "^0.0.3",
        "proxy-polyfill": "^0.3.0"
      }
    },
    "png-ts": {
      "version": "0.0.3",
      "resolved": "https://registry.npmjs.org/png-ts/-/png-ts-0.0.3.tgz",
      "integrity": "sha512-Qwn3yMfbrbaN86QjrDAqD1UVJc4AV4hvBCx5Dv9libLd6D20xKtgOFs/UcvD0nnjxWlgS12kEVWCDFd9ZtwB+g==",
      "requires": {
        "pako": "^1.0.6"
      }
    },
    "proxy-polyfill": {
      "version": "0.3.0",
      "resolved": "https://registry.npmjs.org/proxy-polyfill/-/proxy-polyfill-0.3.0.tgz",
      "integrity": "sha512-0HN+SoV3qKJ1EIIOsEybYgyTTnR26PJ0af/shBqaXLUMIg7/8PHEyQ28QfaDFwmvH77yRuLtclnERgrCq4v+xg=="
    }
  }
}
